// !$*UTF8*$!
{
	archiveVersion = 1;
	classes = {
	};
	objectVersion = 56;
	objects = {

/* Begin PBXBuildFile section */
		47A89D462A09E64B00DF4E1C /* SlidingWordBoxApp.swift in Sources */ = {isa = PBXBuildFile; fileRef = 47A89D452A09E64B00DF4E1C /* SlidingWordBoxApp.swift */; };
		47A89D482A09E64B00DF4E1C /* ContentView.swift in Sources */ = {isa = PBXBuildFile; fileRef = 47A89D472A09E64B00DF4E1C /* ContentView.swift */; };
		47A89D4A2A09E64C00DF4E1C /* Assets.xcassets in Resources */ = {isa = PBXBuildFile; fileRef = 47A89D492A09E64C00DF4E1C /* Assets.xcassets */; };
		47A89D4E2A09E64C00DF4E1C /* Preview Assets.xcassets in Resources */ = {isa = PBXBuildFile; fileRef = 47A89D4D2A09E64C00DF4E1C /* Preview Assets.xcassets */; };
		47A89D582A09E64C00DF4E1C /* SlidingWordBoxTests.swift in Sources */ = {isa = PBXBuildFile; fileRef = 47A89D572A09E64C00DF4E1C /* SlidingWordBoxTests.swift */; };
		47A89D622A09E64C00DF4E1C /* SlidingWordBoxUITests.swift in Sources */ = {isa = PBXBuildFile; fileRef = 47A89D612A09E64C00DF4E1C /* SlidingWordBoxUITests.swift */; };
		47A89D642A09E64C00DF4E1C /* SlidingWordBoxUITestsLaunchTests.swift in Sources */ = {isa = PBXBuildFile; fileRef = 47A89D632A09E64C00DF4E1C /* SlidingWordBoxUITestsLaunchTests.swift */; };
		47A89D712A09E6F500DF4E1C /* SSSS_WordBoxAnimationView.swift in Sources */ = {isa = PBXBuildFile; fileRef = 47A89D702A09E6F500DF4E1C /* SSSS_WordBoxAnimationView.swift */; };
		47A89D732A09E7FE00DF4E1C /* SlidingWordType.swift in Sources */ = {isa = PBXBuildFile; fileRef = 47A89D722A09E7FE00DF4E1C /* SlidingWordType.swift */; };
		47C171C52A0DC95F002DE161 /* UISS_WordBoxCircle.xib in Resources */ = {isa = PBXBuildFile; fileRef = 47C171C32A0DC95F002DE161 /* UISS_WordBoxCircle.xib */; };
		47C171C62A0DC95F002DE161 /* UISS_WordBoxCircle.swift in Sources */ = {isa = PBXBuildFile; fileRef = 47C171C42A0DC95F002DE161 /* UISS_WordBoxCircle.swift */; };
		47C171C82A0DC986002DE161 /* EEDispatchUtility.swift in Sources */ = {isa = PBXBuildFile; fileRef = 47C171C72A0DC986002DE161 /* EEDispatchUtility.swift */; };
		47F815532A0A5674003D7821 /* Previews.swift in Sources */ = {isa = PBXBuildFile; fileRef = 47F815522A0A5674003D7821 /* Previews.swift */; };
		47F8158E2A0C90E5003D7821 /* SlidingWordConst.swift in Sources */ = {isa = PBXBuildFile; fileRef = 47F8158D2A0C90E5003D7821 /* SlidingWordConst.swift */; };
		47F815902A0CC2DC003D7821 /* UISS_WordBox.swift in Sources */ = {isa = PBXBuildFile; fileRef = 47F8158F2A0CC2DC003D7821 /* UISS_WordBox.swift */; };
		47F815972A0CD1FC003D7821 /* EECommonView.swift in Sources */ = {isa = PBXBuildFile; fileRef = 47F815962A0CD1FC003D7821 /* EECommonView.swift */; };
/* End PBXBuildFile section */

/* Begin PBXContainerItemProxy section */
		47A89D542A09E64C00DF4E1C /* PBXContainerItemProxy */ = {
			isa = PBXContainerItemProxy;
			containerPortal = 47A89D3A2A09E64B00DF4E1C /* Project object */;
			proxyType = 1;
			remoteGlobalIDString = 47A89D412A09E64B00DF4E1C;
			remoteInfo = SlidingWordBox;
		};
		47A89D5E2A09E64C00DF4E1C /* PBXContainerItemProxy */ = {
			isa = PBXContainerItemProxy;
			containerPortal = 47A89D3A2A09E64B00DF4E1C /* Project object */;
			proxyType = 1;
			remoteGlobalIDString = 47A89D412A09E64B00DF4E1C;
			remoteInfo = SlidingWordBox;
		};
/* End PBXContainerItemProxy section */

/* Begin PBXFileReference section */
		47A89D422A09E64B00DF4E1C /* SlidingWordBox.app */ = {isa = PBXFileReference; explicitFileType = wrapper.application; includeInIndex = 0; path = SlidingWordBox.app; sourceTree = BUILT_PRODUCTS_DIR; };
		47A89D452A09E64B00DF4E1C /* SlidingWordBoxApp.swift */ = {isa = PBXFileReference; lastKnownFileType = sourcecode.swift; path = SlidingWordBoxApp.swift; sourceTree = "<group>"; };
		47A89D472A09E64B00DF4E1C /* ContentView.swift */ = {isa = PBXFileReference; lastKnownFileType = sourcecode.swift; path = ContentView.swift; sourceTree = "<group>"; };
		47A89D492A09E64C00DF4E1C /* Assets.xcassets */ = {isa = PBXFileReference; lastKnownFileType = folder.assetcatalog; path = Assets.xcassets; sourceTree = "<group>"; };
		47A89D4B2A09E64C00DF4E1C /* SlidingWordBox.entitlements */ = {isa = PBXFileReference; lastKnownFileType = text.plist.entitlements; path = SlidingWordBox.entitlements; sourceTree = "<group>"; };
		47A89D4D2A09E64C00DF4E1C /* Preview Assets.xcassets */ = {isa = PBXFileReference; lastKnownFileType = folder.assetcatalog; path = "Preview Assets.xcassets"; sourceTree = "<group>"; };
		47A89D532A09E64C00DF4E1C /* SlidingWordBoxTests.xctest */ = {isa = PBXFileReference; explicitFileType = wrapper.cfbundle; includeInIndex = 0; path = SlidingWordBoxTests.xctest; sourceTree = BUILT_PRODUCTS_DIR; };
		47A89D572A09E64C00DF4E1C /* SlidingWordBoxTests.swift */ = {isa = PBXFileReference; lastKnownFileType = sourcecode.swift; path = SlidingWordBoxTests.swift; sourceTree = "<group>"; };
		47A89D5D2A09E64C00DF4E1C /* SlidingWordBoxUITests.xctest */ = {isa = PBXFileReference; explicitFileType = wrapper.cfbundle; includeInIndex = 0; path = SlidingWordBoxUITests.xctest; sourceTree = BUILT_PRODUCTS_DIR; };
		47A89D612A09E64C00DF4E1C /* SlidingWordBoxUITests.swift */ = {isa = PBXFileReference; lastKnownFileType = sourcecode.swift; path = SlidingWordBoxUITests.swift; sourceTree = "<group>"; };
		47A89D632A09E64C00DF4E1C /* SlidingWordBoxUITestsLaunchTests.swift */ = {isa = PBXFileReference; lastKnownFileType = sourcecode.swift; path = SlidingWordBoxUITestsLaunchTests.swift; sourceTree = "<group>"; };
		47A89D702A09E6F500DF4E1C /* SSSS_WordBoxAnimationView.swift */ = {isa = PBXFileReference; indentWidth = 2; lastKnownFileType = sourcecode.swift; path = SSSS_WordBoxAnimationView.swift; sourceTree = "<group>"; tabWidth = 2; };
		47A89D722A09E7FE00DF4E1C /* SlidingWordType.swift */ = {isa = PBXFileReference; lastKnownFileType = sourcecode.swift; path = SlidingWordType.swift; sourceTree = "<group>"; };
		47C171C32A0DC95F002DE161 /* UISS_WordBoxCircle.xib */ = {isa = PBXFileReference; fileEncoding = 4; lastKnownFileType = file.xib; path = UISS_WordBoxCircle.xib; sourceTree = "<group>"; };
		47C171C42A0DC95F002DE161 /* UISS_WordBoxCircle.swift */ = {isa = PBXFileReference; fileEncoding = 4; lastKnownFileType = sourcecode.swift; path = UISS_WordBoxCircle.swift; sourceTree = "<group>"; };
		47C171C72A0DC986002DE161 /* EEDispatchUtility.swift */ = {isa = PBXFileReference; fileEncoding = 4; lastKnownFileType = sourcecode.swift; path = EEDispatchUtility.swift; sourceTree = "<group>"; };
		47F815522A0A5674003D7821 /* Previews.swift */ = {isa = PBXFileReference; lastKnownFileType = sourcecode.swift; path = Previews.swift; sourceTree = "<group>"; };
		47F8158D2A0C90E5003D7821 /* SlidingWordConst.swift */ = {isa = PBXFileReference; lastKnownFileType = sourcecode.swift; path = SlidingWordConst.swift; sourceTree = "<group>"; };
		47F8158F2A0CC2DC003D7821 /* UISS_WordBox.swift */ = {isa = PBXFileReference; lastKnownFileType = sourcecode.swift; path = UISS_WordBox.swift; sourceTree = "<group>"; };
		47F815962A0CD1FC003D7821 /* EECommonView.swift */ = {isa = PBXFileReference; fileEncoding = 4; lastKnownFileType = sourcecode.swift; path = EECommonView.swift; sourceTree = "<group>"; };
/* End PBXFileReference section */

/* Begin PBXFrameworksBuildPhase section */
		47A89D3F2A09E64B00DF4E1C /* Frameworks */ = {
			isa = PBXFrameworksBuildPhase;
			buildActionMask = 2147483647;
			files = (
			);
			runOnlyForDeploymentPostprocessing = 0;
		};
		47A89D502A09E64C00DF4E1C /* Frameworks */ = {
			isa = PBXFrameworksBuildPhase;
			buildActionMask = 2147483647;
			files = (
			);
			runOnlyForDeploymentPostprocessing = 0;
		};
		47A89D5A2A09E64C00DF4E1C /* Frameworks */ = {
			isa = PBXFrameworksBuildPhase;
			buildActionMask = 2147483647;
			files = (
			);
			runOnlyForDeploymentPostprocessing = 0;
		};
/* End PBXFrameworksBuildPhase section */

/* Begin PBXGroup section */
		47A89D392A09E64B00DF4E1C = {
			isa = PBXGroup;
			children = (
				47A89D442A09E64B00DF4E1C /* SlidingWordBox */,
				47A89D562A09E64C00DF4E1C /* SlidingWordBoxTests */,
				47A89D602A09E64C00DF4E1C /* SlidingWordBoxUITests */,
				47A89D432A09E64B00DF4E1C /* Products */,
			);
			sourceTree = "<group>";
		};
		47A89D432A09E64B00DF4E1C /* Products */ = {
			isa = PBXGroup;
			children = (
				47A89D422A09E64B00DF4E1C /* SlidingWordBox.app */,
				47A89D532A09E64C00DF4E1C /* SlidingWordBoxTests.xctest */,
				47A89D5D2A09E64C00DF4E1C /* SlidingWordBoxUITests.xctest */,
			);
			name = Products;
			sourceTree = "<group>";
		};
		47A89D442A09E64B00DF4E1C /* SlidingWordBox */ = {
			isa = PBXGroup;
			children = (
				47F815952A0CD1F2003D7821 /* New Group */,
				47A89D452A09E64B00DF4E1C /* SlidingWordBoxApp.swift */,
				47A89D472A09E64B00DF4E1C /* ContentView.swift */,
				47A89D702A09E6F500DF4E1C /* SSSS_WordBoxAnimationView.swift */,
				47F8158F2A0CC2DC003D7821 /* UISS_WordBox.swift */,
				47F815522A0A5674003D7821 /* Previews.swift */,
				47C171C42A0DC95F002DE161 /* UISS_WordBoxCircle.swift */,
				47C171C32A0DC95F002DE161 /* UISS_WordBoxCircle.xib */,
				47A89D722A09E7FE00DF4E1C /* SlidingWordType.swift */,
				47F8158D2A0C90E5003D7821 /* SlidingWordConst.swift */,
				47A89D492A09E64C00DF4E1C /* Assets.xcassets */,
				47A89D4B2A09E64C00DF4E1C /* SlidingWordBox.entitlements */,
				47A89D4C2A09E64C00DF4E1C /* Preview Content */,
			);
			path = SlidingWordBox;
			sourceTree = "<group>";
		};
		47A89D4C2A09E64C00DF4E1C /* Preview Content */ = {
			isa = PBXGroup;
			children = (
				47A89D4D2A09E64C00DF4E1C /* Preview Assets.xcassets */,
			);
			path = "Preview Content";
			sourceTree = "<group>";
		};
		47A89D562A09E64C00DF4E1C /* SlidingWordBoxTests */ = {
			isa = PBXGroup;
			children = (
				47A89D572A09E64C00DF4E1C /* SlidingWordBoxTests.swift */,
			);
			path = SlidingWordBoxTests;
			sourceTree = "<group>";
		};
		47A89D602A09E64C00DF4E1C /* SlidingWordBoxUITests */ = {
			isa = PBXGroup;
			children = (
				47A89D612A09E64C00DF4E1C /* SlidingWordBoxUITests.swift */,
				47A89D632A09E64C00DF4E1C /* SlidingWordBoxUITestsLaunchTests.swift */,
			);
			path = SlidingWordBoxUITests;
			sourceTree = "<group>";
		};
		47F815952A0CD1F2003D7821 /* New Group */ = {
			isa = PBXGroup;
			children = (
				47C171C72A0DC986002DE161 /* EEDispatchUtility.swift */,
				47F815962A0CD1FC003D7821 /* EECommonView.swift */,
			);
			path = "New Group";
			sourceTree = "<group>";
		};
/* End PBXGroup section */

/* Begin PBXNativeTarget section */
		47A89D412A09E64B00DF4E1C /* SlidingWordBox */ = {
			isa = PBXNativeTarget;
			buildConfigurationList = 47A89D672A09E64C00DF4E1C /* Build configuration list for PBXNativeTarget "SlidingWordBox" */;
			buildPhases = (
				47A89D3E2A09E64B00DF4E1C /* Sources */,
				47A89D3F2A09E64B00DF4E1C /* Frameworks */,
				47A89D402A09E64B00DF4E1C /* Resources */,
			);
			buildRules = (
			);
			dependencies = (
			);
			name = SlidingWordBox;
			productName = SlidingWordBox;
			productReference = 47A89D422A09E64B00DF4E1C /* SlidingWordBox.app */;
			productType = "com.apple.product-type.application";
		};
		47A89D522A09E64C00DF4E1C /* SlidingWordBoxTests */ = {
			isa = PBXNativeTarget;
			buildConfigurationList = 47A89D6A2A09E64C00DF4E1C /* Build configuration list for PBXNativeTarget "SlidingWordBoxTests" */;
			buildPhases = (
				47A89D4F2A09E64C00DF4E1C /* Sources */,
				47A89D502A09E64C00DF4E1C /* Frameworks */,
				47A89D512A09E64C00DF4E1C /* Resources */,
			);
			buildRules = (
			);
			dependencies = (
				47A89D552A09E64C00DF4E1C /* PBXTargetDependency */,
			);
			name = SlidingWordBoxTests;
			productName = SlidingWordBoxTests;
			productReference = 47A89D532A09E64C00DF4E1C /* SlidingWordBoxTests.xctest */;
			productType = "com.apple.product-type.bundle.unit-test";
		};
		47A89D5C2A09E64C00DF4E1C /* SlidingWordBoxUITests */ = {
			isa = PBXNativeTarget;
			buildConfigurationList = 47A89D6D2A09E64C00DF4E1C /* Build configuration list for PBXNativeTarget "SlidingWordBoxUITests" */;
			buildPhases = (
				47A89D592A09E64C00DF4E1C /* Sources */,
				47A89D5A2A09E64C00DF4E1C /* Frameworks */,
				47A89D5B2A09E64C00DF4E1C /* Resources */,
			);
			buildRules = (
			);
			dependencies = (
				47A89D5F2A09E64C00DF4E1C /* PBXTargetDependency */,
			);
			name = SlidingWordBoxUITests;
			productName = SlidingWordBoxUITests;
			productReference = 47A89D5D2A09E64C00DF4E1C /* SlidingWordBoxUITests.xctest */;
			productType = "com.apple.product-type.bundle.ui-testing";
		};
/* End PBXNativeTarget section */

/* Begin PBXProject section */
		47A89D3A2A09E64B00DF4E1C /* Project object */ = {
			isa = PBXProject;
			attributes = {
				BuildIndependentTargetsInParallel = 1;
				LastSwiftUpdateCheck = 1430;
				LastUpgradeCheck = 1430;
				TargetAttributes = {
					47A89D412A09E64B00DF4E1C = {
						CreatedOnToolsVersion = 14.3;
					};
					47A89D522A09E64C00DF4E1C = {
						CreatedOnToolsVersion = 14.3;
						TestTargetID = 47A89D412A09E64B00DF4E1C;
					};
					47A89D5C2A09E64C00DF4E1C = {
						CreatedOnToolsVersion = 14.3;
						TestTargetID = 47A89D412A09E64B00DF4E1C;
					};
				};
			};
			buildConfigurationList = 47A89D3D2A09E64B00DF4E1C /* Build configuration list for PBXProject "SlidingWordBox" */;
			compatibilityVersion = "Xcode 14.0";
			developmentRegion = en;
			hasScannedForEncodings = 0;
			knownRegions = (
				en,
				Base,
			);
			mainGroup = 47A89D392A09E64B00DF4E1C;
			productRefGroup = 47A89D432A09E64B00DF4E1C /* Products */;
			projectDirPath = "";
			projectRoot = "";
			targets = (
				47A89D412A09E64B00DF4E1C /* SlidingWordBox */,
				47A89D522A09E64C00DF4E1C /* SlidingWordBoxTests */,
				47A89D5C2A09E64C00DF4E1C /* SlidingWordBoxUITests */,
			);
		};
/* End PBXProject section */

/* Begin PBXResourcesBuildPhase section */
		47A89D402A09E64B00DF4E1C /* Resources */ = {
			isa = PBXResourcesBuildPhase;
			buildActionMask = 2147483647;
			files = (
				47A89D4E2A09E64C00DF4E1C /* Preview Assets.xcassets in Resources */,
				47C171C52A0DC95F002DE161 /* UISS_WordBoxCircle.xib in Resources */,
				47A89D4A2A09E64C00DF4E1C /* Assets.xcassets in Resources */,
			);
			runOnlyForDeploymentPostprocessing = 0;
		};
		47A89D512A09E64C00DF4E1C /* Resources */ = {
			isa = PBXResourcesBuildPhase;
			buildActionMask = 2147483647;
			files = (
			);
			runOnlyForDeploymentPostprocessing = 0;
		};
		47A89D5B2A09E64C00DF4E1C /* Resources */ = {
			isa = PBXResourcesBuildPhase;
			buildActionMask = 2147483647;
			files = (
			);
			runOnlyForDeploymentPostprocessing = 0;
		};
/* End PBXResourcesBuildPhase section */

/* Begin PBXSourcesBuildPhase section */
		47A89D3E2A09E64B00DF4E1C /* Sources */ = {
			isa = PBXSourcesBuildPhase;
			buildActionMask = 2147483647;
			files = (
				47F8158E2A0C90E5003D7821 /* SlidingWordConst.swift in Sources */,
				47C171C82A0DC986002DE161 /* EEDispatchUtility.swift in Sources */,
				47A89D732A09E7FE00DF4E1C /* SlidingWordType.swift in Sources */,
				47C171C62A0DC95F002DE161 /* UISS_WordBoxCircle.swift in Sources */,
				47A89D712A09E6F500DF4E1C /* SSSS_WordBoxAnimationView.swift in Sources */,
				47F815972A0CD1FC003D7821 /* EECommonView.swift in Sources */,
				47F815902A0CC2DC003D7821 /* UISS_WordBox.swift in Sources */,
				47A89D482A09E64B00DF4E1C /* ContentView.swift in Sources */,
				47F815532A0A5674003D7821 /* Previews.swift in Sources */,
				47A89D462A09E64B00DF4E1C /* SlidingWordBoxApp.swift in Sources */,
			);
			runOnlyForDeploymentPostprocessing = 0;
		};
		47A89D4F2A09E64C00DF4E1C /* Sources */ = {
			isa = PBXSourcesBuildPhase;
			buildActionMask = 2147483647;
			files = (
				47A89D582A09E64C00DF4E1C /* SlidingWordBoxTests.swift in Sources */,
			);
			runOnlyForDeploymentPostprocessing = 0;
		};
		47A89D592A09E64C00DF4E1C /* Sources */ = {
			isa = PBXSourcesBuildPhase;
			buildActionMask = 2147483647;
			files = (
				47A89D622A09E64C00DF4E1C /* SlidingWordBoxUITests.swift in Sources */,
				47A89D642A09E64C00DF4E1C /* SlidingWordBoxUITestsLaunchTests.swift in Sources */,
			);
			runOnlyForDeploymentPostprocessing = 0;
		};
/* End PBXSourcesBuildPhase section */

/* Begin PBXTargetDependency section */
		47A89D552A09E64C00DF4E1C /* PBXTargetDependency */ = {
			isa = PBXTargetDependency;
			target = 47A89D412A09E64B00DF4E1C /* SlidingWordBox */;
			targetProxy = 47A89D542A09E64C00DF4E1C /* PBXContainerItemProxy */;
		};
		47A89D5F2A09E64C00DF4E1C /* PBXTargetDependency */ = {
			isa = PBXTargetDependency;
			target = 47A89D412A09E64B00DF4E1C /* SlidingWordBox */;
			targetProxy = 47A89D5E2A09E64C00DF4E1C /* PBXContainerItemProxy */;
		};
/* End PBXTargetDependency section */

/* Begin XCBuildConfiguration section */
		47A89D652A09E64C00DF4E1C /* Debug */ = {
			isa = XCBuildConfiguration;
			buildSettings = {
				ALWAYS_SEARCH_USER_PATHS = NO;
				CLANG_ANALYZER_NONNULL = YES;
				CLANG_ANALYZER_NUMBER_OBJECT_CONVERSION = YES_AGGRESSIVE;
				CLANG_CXX_LANGUAGE_STANDARD = "gnu++20";
				CLANG_ENABLE_MODULES = YES;
				CLANG_ENABLE_OBJC_ARC = YES;
				CLANG_ENABLE_OBJC_WEAK = YES;
				CLANG_WARN_BLOCK_CAPTURE_AUTORELEASING = YES;
				CLANG_WARN_BOOL_CONVERSION = YES;
				CLANG_WARN_COMMA = YES;
				CLANG_WARN_CONSTANT_CONVERSION = YES;
				CLANG_WARN_DEPRECATED_OBJC_IMPLEMENTATIONS = YES;
				CLANG_WARN_DIRECT_OBJC_ISA_USAGE = YES_ERROR;
				CLANG_WARN_DOCUMENTATION_COMMENTS = YES;
				CLANG_WARN_EMPTY_BODY = YES;
				CLANG_WARN_ENUM_CONVERSION = YES;
				CLANG_WARN_INFINITE_RECURSION = YES;
				CLANG_WARN_INT_CONVERSION = YES;
				CLANG_WARN_NON_LITERAL_NULL_CONVERSION = YES;
				CLANG_WARN_OBJC_IMPLICIT_RETAIN_SELF = YES;
				CLANG_WARN_OBJC_LITERAL_CONVERSION = YES;
				CLANG_WARN_OBJC_ROOT_CLASS = YES_ERROR;
				CLANG_WARN_QUOTED_INCLUDE_IN_FRAMEWORK_HEADER = YES;
				CLANG_WARN_RANGE_LOOP_ANALYSIS = YES;
				CLANG_WARN_STRICT_PROTOTYPES = YES;
				CLANG_WARN_SUSPICIOUS_MOVE = YES;
				CLANG_WARN_UNGUARDED_AVAILABILITY = YES_AGGRESSIVE;
				CLANG_WARN_UNREACHABLE_CODE = YES;
				CLANG_WARN__DUPLICATE_METHOD_MATCH = YES;
				COPY_PHASE_STRIP = NO;
				DEBUG_INFORMATION_FORMAT = dwarf;
				ENABLE_STRICT_OBJC_MSGSEND = YES;
				ENABLE_TESTABILITY = YES;
				GCC_C_LANGUAGE_STANDARD = gnu11;
				GCC_DYNAMIC_NO_PIC = NO;
				GCC_NO_COMMON_BLOCKS = YES;
				GCC_OPTIMIZATION_LEVEL = 0;
				GCC_PREPROCESSOR_DEFINITIONS = (
					"DEBUG=1",
					"$(inherited)",
				);
				GCC_WARN_64_TO_32_BIT_CONVERSION = YES;
				GCC_WARN_ABOUT_RETURN_TYPE = YES_ERROR;
				GCC_WARN_UNDECLARED_SELECTOR = YES;
				GCC_WARN_UNINITIALIZED_AUTOS = YES_AGGRESSIVE;
				GCC_WARN_UNUSED_FUNCTION = YES;
				GCC_WARN_UNUSED_VARIABLE = YES;
				MTL_ENABLE_DEBUG_INFO = INCLUDE_SOURCE;
				MTL_FAST_MATH = YES;
				ONLY_ACTIVE_ARCH = YES;
				SWIFT_ACTIVE_COMPILATION_CONDITIONS = DEBUG;
				SWIFT_OPTIMIZATION_LEVEL = "-Onone";
			};
			name = Debug;
		};
		47A89D662A09E64C00DF4E1C /* Release */ = {
			isa = XCBuildConfiguration;
			buildSettings = {
				ALWAYS_SEARCH_USER_PATHS = NO;
				CLANG_ANALYZER_NONNULL = YES;
				CLANG_ANALYZER_NUMBER_OBJECT_CONVERSION = YES_AGGRESSIVE;
				CLANG_CXX_LANGUAGE_STANDARD = "gnu++20";
				CLANG_ENABLE_MODULES = YES;
				CLANG_ENABLE_OBJC_ARC = YES;
				CLANG_ENABLE_OBJC_WEAK = YES;
				CLANG_WARN_BLOCK_CAPTURE_AUTORELEASING = YES;
				CLANG_WARN_BOOL_CONVERSION = YES;
				CLANG_WARN_COMMA = YES;
				CLANG_WARN_CONSTANT_CONVERSION = YES;
				CLANG_WARN_DEPRECATED_OBJC_IMPLEMENTATIONS = YES;
				CLANG_WARN_DIRECT_OBJC_ISA_USAGE = YES_ERROR;
				CLANG_WARN_DOCUMENTATION_COMMENTS = YES;
				CLANG_WARN_EMPTY_BODY = YES;
				CLANG_WARN_ENUM_CONVERSION = YES;
				CLANG_WARN_INFINITE_RECURSION = YES;
				CLANG_WARN_INT_CONVERSION = YES;
				CLANG_WARN_NON_LITERAL_NULL_CONVERSION = YES;
				CLANG_WARN_OBJC_IMPLICIT_RETAIN_SELF = YES;
				CLANG_WARN_OBJC_LITERAL_CONVERSION = YES;
				CLANG_WARN_OBJC_ROOT_CLASS = YES_ERROR;
				CLANG_WARN_QUOTED_INCLUDE_IN_FRAMEWORK_HEADER = YES;
				CLANG_WARN_RANGE_LOOP_ANALYSIS = YES;
				CLANG_WARN_STRICT_PROTOTYPES = YES;
				CLANG_WARN_SUSPICIOUS_MOVE = YES;
				CLANG_WARN_UNGUARDED_AVAILABILITY = YES_AGGRESSIVE;
				CLANG_WARN_UNREACHABLE_CODE = YES;
				CLANG_WARN__DUPLICATE_METHOD_MATCH = YES;
				COPY_PHASE_STRIP = NO;
				DEBUG_INFORMATION_FORMAT = "dwarf-with-dsym";
				ENABLE_NS_ASSERTIONS = NO;
				ENABLE_STRICT_OBJC_MSGSEND = YES;
				GCC_C_LANGUAGE_STANDARD = gnu11;
				GCC_NO_COMMON_BLOCKS = YES;
				GCC_WARN_64_TO_32_BIT_CONVERSION = YES;
				GCC_WARN_ABOUT_RETURN_TYPE = YES_ERROR;
				GCC_WARN_UNDECLARED_SELECTOR = YES;
				GCC_WARN_UNINITIALIZED_AUTOS = YES_AGGRESSIVE;
				GCC_WARN_UNUSED_FUNCTION = YES;
				GCC_WARN_UNUSED_VARIABLE = YES;
				MTL_ENABLE_DEBUG_INFO = NO;
				MTL_FAST_MATH = YES;
				SWIFT_COMPILATION_MODE = wholemodule;
				SWIFT_OPTIMIZATION_LEVEL = "-O";
			};
			name = Release;
		};
		47A89D682A09E64C00DF4E1C /* Debug */ = {
			isa = XCBuildConfiguration;
			buildSettings = {
				ASSETCATALOG_COMPILER_APPICON_NAME = AppIcon;
				ASSETCATALOG_COMPILER_GLOBAL_ACCENT_COLOR_NAME = AccentColor;
				CODE_SIGN_ENTITLEMENTS = SlidingWordBox/SlidingWordBox.entitlements;
				CODE_SIGN_STYLE = Automatic;
				CURRENT_PROJECT_VERSION = 1;
				DEVELOPMENT_ASSET_PATHS = "\"SlidingWordBox/Preview Content\"";
				ENABLE_PREVIEWS = YES;
				GENERATE_INFOPLIST_FILE = YES;
				"INFOPLIST_KEY_UIApplicationSceneManifest_Generation[sdk=iphoneos*]" = YES;
				"INFOPLIST_KEY_UIApplicationSceneManifest_Generation[sdk=iphonesimulator*]" = YES;
				"INFOPLIST_KEY_UIApplicationSupportsIndirectInputEvents[sdk=iphoneos*]" = YES;
				"INFOPLIST_KEY_UIApplicationSupportsIndirectInputEvents[sdk=iphonesimulator*]" = YES;
				"INFOPLIST_KEY_UILaunchScreen_Generation[sdk=iphoneos*]" = YES;
				"INFOPLIST_KEY_UILaunchScreen_Generation[sdk=iphonesimulator*]" = YES;
				"INFOPLIST_KEY_UIStatusBarStyle[sdk=iphoneos*]" = UIStatusBarStyleDefault;
				"INFOPLIST_KEY_UIStatusBarStyle[sdk=iphonesimulator*]" = UIStatusBarStyleDefault;
				INFOPLIST_KEY_UISupportedInterfaceOrientations_iPad = "UIInterfaceOrientationPortrait UIInterfaceOrientationPortraitUpsideDown UIInterfaceOrientationLandscapeLeft UIInterfaceOrientationLandscapeRight";
				INFOPLIST_KEY_UISupportedInterfaceOrientations_iPhone = "UIInterfaceOrientationPortrait UIInterfaceOrientationLandscapeLeft UIInterfaceOrientationLandscapeRight";
				IPHONEOS_DEPLOYMENT_TARGET = 16.4;
				LD_RUNPATH_SEARCH_PATHS = "@executable_path/Frameworks";
				"LD_RUNPATH_SEARCH_PATHS[sdk=macosx*]" = "@executable_path/../Frameworks";
				MACOSX_DEPLOYMENT_TARGET = 13.3;
				MARKETING_VERSION = 1.0;
				PRODUCT_BUNDLE_IDENTIFIER = "----";
				PRODUCT_NAME = "$(TARGET_NAME)";
				SDKROOT = auto;
				SUPPORTED_PLATFORMS = "iphoneos iphonesimulator macosx";
				SWIFT_EMIT_LOC_STRINGS = YES;
				SWIFT_VERSION = 5.0;
				TARGETED_DEVICE_FAMILY = "1,2";
			};
			name = Debug;
		};
		47A89D692A09E64C00DF4E1C /* Release */ = {
			isa = XCBuildConfiguration;
			buildSettings = {
				ASSETCATALOG_COMPILER_APPICON_NAME = AppIcon;
				ASSETCATALOG_COMPILER_GLOBAL_ACCENT_COLOR_NAME = AccentColor;
				CODE_SIGN_ENTITLEMENTS = SlidingWordBox/SlidingWordBox.entitlements;
				CODE_SIGN_STYLE = Automatic;
				CURRENT_PROJECT_VERSION = 1;
				DEVELOPMENT_ASSET_PATHS = "\"SlidingWordBox/Preview Content\"";
				ENABLE_PREVIEWS = YES;
				GENERATE_INFOPLIST_FILE = YES;
				"INFOPLIST_KEY_UIApplicationSceneManifest_Generation[sdk=iphoneos*]" = YES;
				"INFOPLIST_KEY_UIApplicationSceneManifest_Generation[sdk=iphonesimulator*]" = YES;
				"INFOPLIST_KEY_UIApplicationSupportsIndirectInputEvents[sdk=iphoneos*]" = YES;
				"INFOPLIST_KEY_UIApplicationSupportsIndirectInputEvents[sdk=iphonesimulator*]" = YES;
				"INFOPLIST_KEY_UILaunchScreen_Generation[sdk=iphoneos*]" = YES;
				"INFOPLIST_KEY_UILaunchScreen_Generation[sdk=iphonesimulator*]" = YES;
				"INFOPLIST_KEY_UIStatusBarStyle[sdk=iphoneos*]" = UIStatusBarStyleDefault;
				"INFOPLIST_KEY_UIStatusBarStyle[sdk=iphonesimulator*]" = UIStatusBarStyleDefault;
				INFOPLIST_KEY_UISupportedInterfaceOrientations_iPad = "UIInterfaceOrientationPortrait UIInterfaceOrientationPortraitUpsideDown UIInterfaceOrientationLandscapeLeft UIInterfaceOrientationLandscapeRight";
				INFOPLIST_KEY_UISupportedInterfaceOrientations_iPhone = "UIInterfaceOrientationPortrait UIInterfaceOrientationLandscapeLeft UIInterfaceOrientationLandscapeRight";
				IPHONEOS_DEPLOYMENT_TARGET = 16.4;
				LD_RUNPATH_SEARCH_PATHS = "@executable_path/Frameworks";
				"LD_RUNPATH_SEARCH_PATHS[sdk=macosx*]" = "@executable_path/../Frameworks";
				MACOSX_DEPLOYMENT_TARGET = 13.3;
				MARKETING_VERSION = 1.0;
				PRODUCT_BUNDLE_IDENTIFIER = "----";
				PRODUCT_NAME = "$(TARGET_NAME)";
				SDKROOT = auto;
				SUPPORTED_PLATFORMS = "iphoneos iphonesimulator macosx";
				SWIFT_EMIT_LOC_STRINGS = YES;
				SWIFT_VERSION = 5.0;
				TARGETED_DEVICE_FAMILY = "1,2";
			};
			name = Release;
		};
		47A89D6B2A09E64C00DF4E1C /* Debug */ = {
			isa = XCBuildConfiguration;
			buildSettings = {
				ALWAYS_EMBED_SWIFT_STANDARD_LIBRARIES = YES;
				BUNDLE_LOADER = "$(TEST_HOST)";
				CODE_SIGN_STYLE = Automatic;
				CURRENT_PROJECT_VERSION = 1;
				GENERATE_INFOPLIST_FILE = YES;
				IPHONEOS_DEPLOYMENT_TARGET = 16.4;
				MACOSX_DEPLOYMENT_TARGET = 13.3;
				MARKETING_VERSION = 1.0;
				PRODUCT_BUNDLE_IDENTIFIER = "___VARIABLE_bundleIdentifierPrefix:bundleIdentifier___.___PACKAGENAMEASRFC1034IDENTIFIER___";
				PRODUCT_NAME = "$(TARGET_NAME)";
				SDKROOT = auto;
				SUPPORTED_PLATFORMS = "iphoneos iphonesimulator macosx";
				SWIFT_EMIT_LOC_STRINGS = NO;
				SWIFT_VERSION = 5.0;
				TARGETED_DEVICE_FAMILY = "1,2";
				TEST_HOST = "$(BUILT_PRODUCTS_DIR)/SlidingWordBox.app/$(BUNDLE_EXECUTABLE_FOLDER_PATH)/SlidingWordBox";
			};
			name = Debug;
		};
		47A89D6C2A09E64C00DF4E1C /* Release */ = {
			isa = XCBuildConfiguration;
			buildSettings = {
				ALWAYS_EMBED_SWIFT_STANDARD_LIBRARIES = YES;
				BUNDLE_LOADER = "$(TEST_HOST)";
				CODE_SIGN_STYLE = Automatic;
				CURRENT_PROJECT_VERSION = 1;
				GENERATE_INFOPLIST_FILE = YES;
				IPHONEOS_DEPLOYMENT_TARGET = 16.4;
				MACOSX_DEPLOYMENT_TARGET = 13.3;
				MARKETING_VERSION = 1.0;
				PRODUCT_BUNDLE_IDENTIFIER = "___VARIABLE_bundleIdentifierPrefix:bundleIdentifier___.___PACKAGENAMEASRFC1034IDENTIFIER___";
				PRODUCT_NAME = "$(TARGET_NAME)";
				SDKROOT = auto;
				SUPPORTED_PLATFORMS = "iphoneos iphonesimulator macosx";
				SWIFT_EMIT_LOC_STRINGS = NO;
				SWIFT_VERSION = 5.0;
				TARGETED_DEVICE_FAMILY = "1,2";
				TEST_HOST = "$(BUILT_PRODUCTS_DIR)/SlidingWordBox.app/$(BUNDLE_EXECUTABLE_FOLDER_PATH)/SlidingWordBox";
			};
			name = Release;
		};
		47A89D6E2A09E64C00DF4E1C /* Debug */ = {
			isa = XCBuildConfiguration;
			buildSettings = {
				ALWAYS_EMBED_SWIFT_STANDARD_LIBRARIES = YES;
				CODE_SIGN_STYLE = Automatic;
				CURRENT_PROJECT_VERSION = 1;
				GENERATE_INFOPLIST_FILE = YES;
				IPHONEOS_DEPLOYMENT_TARGET = 16.4;
				MACOSX_DEPLOYMENT_TARGET = 13.3;
				MARKETING_VERSION = 1.0;
				PRODUCT_BUNDLE_IDENTIFIER = "___VARIABLE_bundleIdentifierPrefix:bundleIdentifier___.___PACKAGENAMEASRFC1034IDENTIFIER___";
				PRODUCT_NAME = "$(TARGET_NAME)";
				SDKROOT = auto;
				SUPPORTED_PLATFORMS = "iphoneos iphonesimulator macosx";
				SWIFT_EMIT_LOC_STRINGS = NO;
				SWIFT_VERSION = 5.0;
				TARGETED_DEVICE_FAMILY = "1,2";
				TEST_TARGET_NAME = SlidingWordBox;
			};
			name = Debug;
		};
		47A89D6F2A09E64C00DF4E1C /* Release */ = {
			isa = XCBuildConfiguration;
			buildSettings = {
				ALWAYS_EMBED_SWIFT_STANDARD_LIBRARIES = YES;
				CODE_SIGN_STYLE = Automatic;
				CURRENT_PROJECT_VERSION = 1;
				GENERATE_INFOPLIST_FILE = YES;
				IPHONEOS_DEPLOYMENT_TARGET = 16.4;
				MACOSX_DEPLOYMENT_TARGET = 13.3;
				MARKETING_VERSION = 1.0;
				PRODUCT_BUNDLE_IDENTIFIER = "___VARIABLE_bundleIdentifierPrefix:bundleIdentifier___.___PACKAGENAMEASRFC1034IDENTIFIER___";
				PRODUCT_NAME = "$(TARGET_NAME)";
				SDKROOT = auto;
				SUPPORTED_PLATFORMS = "iphoneos iphonesimulator macosx";
				SWIFT_EMIT_LOC_STRINGS = NO;
				SWIFT_VERSION = 5.0;
				TARGETED_DEVICE_FAMILY = "1,2";
				TEST_TARGET_NAME = SlidingWordBox;
			};
			name = Release;
		};
/* End XCBuildConfiguration section */

/* Begin XCConfigurationList section */
		47A89D3D2A09E64B00DF4E1C /* Build configuration list for PBXProject "SlidingWordBox" */ = {
			isa = XCConfigurationList;
			buildConfigurations = (
				47A89D652A09E64C00DF4E1C /* Debug */,
				47A89D662A09E64C00DF4E1C /* Release */,
			);
			defaultConfigurationIsVisible = 0;
			defaultConfigurationName = Release;
		};
		47A89D672A09E64C00DF4E1C /* Build configuration list for PBXNativeTarget "SlidingWordBox" */ = {
			isa = XCConfigurationList;
			buildConfigurations = (
				47A89D682A09E64C00DF4E1C /* Debug */,
				47A89D692A09E64C00DF4E1C /* Release */,
			);
			defaultConfigurationIsVisible = 0;
			defaultConfigurationName = Release;
		};
		47A89D6A2A09E64C00DF4E1C /* Build configuration list for PBXNativeTarget "SlidingWordBoxTests" */ = {
			isa = XCConfigurationList;
			buildConfigurations = (
				47A89D6B2A09E64C00DF4E1C /* Debug */,
				47A89D6C2A09E64C00DF4E1C /* Release */,
			);
			defaultConfigurationIsVisible = 0;
			defaultConfigurationName = Release;
		};
		47A89D6D2A09E64C00DF4E1C /* Build configuration list for PBXNativeTarget "SlidingWordBoxUITests" */ = {
			isa = XCConfigurationList;
			buildConfigurations = (
				47A89D6E2A09E64C00DF4E1C /* Debug */,
				47A89D6F2A09E64C00DF4E1C /* Release */,
			);
			defaultConfigurationIsVisible = 0;
			defaultConfigurationName = Release;
		};
/* End XCConfigurationList section */
	};
	rootObject = 47A89D3A2A09E64B00DF4E1C /* Project object */;
}
